
Microsoft Visual Studio Solution File, Format Version 12.00
# Visual Studio Version 17
VisualStudioVersion = 17.9.34310.174
MinimumVisualStudioVersion = 10.0.40219.1
Project("{FAE04EC0-301F-11D3-BF4B-00C04F79EFBC}") = "accounting-api", "accounting-api.csproj", "{1942B21D-DE3B-4631-88D3-7CECA9AD6FD4}"
EndProject
Global
	GlobalSection(SolutionConfigurationPlatforms) = preSolution
		Debug|Any CPU = Debug|Any CPU
		Release|Any CPU = Release|Any CPU
	EndGlobalSection
	GlobalSection(ProjectConfigurationPlatforms) = postSolution
		{1942B21D-DE3B-4631-88D3-7CECA9AD6FD4}.Debug|Any CPU.ActiveCfg = Debug|Any CPU
		{1942B21D-DE3B-4631-88D3-7CECA9AD6FD4}.Debug|Any CPU.Build.0 = Debug|Any CPU
		{1942B21D-DE3B-4631-88D3-7CECA9AD6FD4}.Release|Any CPU.ActiveCfg = Release|Any CPU
		{1942B21D-DE3B-4631-88D3-7CECA9AD6FD4}.Release|Any CPU.Build.0 = Release|Any CPU
	EndGlobalSection
	GlobalSection(SolutionProperties) = preSolution
		HideSolutionNode = FALSE
	EndGlobalSection
	GlobalSection(ExtensibilityGlobals) = postSolution
		SolutionGuid = {AED10F78-2900-46D5-8C11-4F3A87F27DA7}
	EndGlobalSection
EndGlobal
